
Microsoft Visual Studio Solution File, Format Version 12.00
# Visual Studio Version 17
VisualStudioVersion = 17.11.35312.102
MinimumVisualStudioVersion = 10.0.40219.1
Project("{FAE04EC0-301F-11D3-BF4B-00C04F79EFBC}") = "EFDay1", "EFDay1.csproj", "{B3A296B5-49D3-4877-B984-5D667F43672C}"
EndProject
Global
	GlobalSection(SolutionConfigurationPlatforms) = preSolution
		Debug|Any CPU = Debug|Any CPU
		Release|Any CPU = Release|Any CPU
	EndGlobalSection
	GlobalSection(ProjectConfigurationPlatforms) = postSolution
		{B3A296B5-49D3-4877-B984-5D667F43672C}.Debug|Any CPU.ActiveCfg = Debug|Any CPU
		{B3A296B5-49D3-4877-B984-5D667F43672C}.Debug|Any CPU.Build.0 = Debug|Any CPU
		{B3A296B5-49D3-4877-B984-5D667F43672C}.Release|Any CPU.ActiveCfg = Release|Any CPU
		{B3A296B5-49D3-4877-B984-5D667F43672C}.Release|Any CPU.Build.0 = Release|Any CPU
	EndGlobalSection
	GlobalSection(SolutionProperties) = preSolution
		HideSolutionNode = FALSE
	EndGlobalSection
	GlobalSection(ExtensibilityGlobals) = postSolution
		SolutionGuid = {A683F451-6A4B-42F5-AB68-F3A832E71D61}
	EndGlobalSection
EndGlobal
